
Microsoft Visual Studio Solution File, Format Version 12.00
# Visual Studio Version 17
VisualStudioVersion = 17.4.33213.308
MinimumVisualStudioVersion = 10.0.40219.1
Project("{2150E333-8FDC-42A3-9474-1A3956D46DE8}") = "Services", "Services", "{72C94FCB-970C-4337-9EE0-438CBD58D532}"
EndProject
Project("{2150E333-8FDC-42A3-9474-1A3956D46DE8}") = "Catalog", "Catalog", "{1490C958-FBEC-4495-997D-10D1BEFF1FFC}"
EndProject
Project("{FAE04EC0-301F-11D3-BF4B-00C04F79EFBC}") = "Catalog.Apis", "src\Catalog\Catalog.Apis\Catalog.Apis.csproj", "{83A7BAD6-0786-4B78-BFD4-63B7F49F216B}"
EndProject
Global
	GlobalSection(SolutionConfigurationPlatforms) = preSolution
		Debug|Any CPU = Debug|Any CPU
		Release|Any CPU = Release|Any CPU
	EndGlobalSection
	GlobalSection(ProjectConfigurationPlatforms) = postSolution
		{83A7BAD6-0786-4B78-BFD4-63B7F49F216B}.Debug|Any CPU.ActiveCfg = Debug|Any CPU
		{83A7BAD6-0786-4B78-BFD4-63B7F49F216B}.Debug|Any CPU.Build.0 = Debug|Any CPU
		{83A7BAD6-0786-4B78-BFD4-63B7F49F216B}.Release|Any CPU.ActiveCfg = Release|Any CPU
		{83A7BAD6-0786-4B78-BFD4-63B7F49F216B}.Release|Any CPU.Build.0 = Release|Any CPU
	EndGlobalSection
	GlobalSection(SolutionProperties) = preSolution
		HideSolutionNode = FALSE
	EndGlobalSection
	GlobalSection(NestedProjects) = preSolution
		{1490C958-FBEC-4495-997D-10D1BEFF1FFC} = {72C94FCB-970C-4337-9EE0-438CBD58D532}
		{83A7BAD6-0786-4B78-BFD4-63B7F49F216B} = {1490C958-FBEC-4495-997D-10D1BEFF1FFC}
	EndGlobalSection
	GlobalSection(ExtensibilityGlobals) = postSolution
		SolutionGuid = {8856BBF0-9FFB-4989-875A-50CED3DF8D27}
	EndGlobalSection
EndGlobal
